
Microsoft Visual Studio Solution File, Format Version 12.00
# Visual Studio Version 17
VisualStudioVersion = 17.11.35208.52
MinimumVisualStudioVersion = 10.0.40219.1
Project("{9A19103F-16F7-4668-BE54-9A1E7A4F7556}") = "NKWalks.API", "NKWalks.API\NKWalks.API.csproj", "{0582C511-DF54-4B2B-8C14-501243DC8051}"
EndProject
Project("{FAE04EC0-301F-11D3-BF4B-00C04F79EFBC}") = "NKWalks.UI", "NKWalks.UI\NKWalks.UI.csproj", "{EF2EE15C-89D1-44C3-B7AF-0B20C60D363D}"
EndProject
Global
	GlobalSection(SolutionConfigurationPlatforms) = preSolution
		Debug|Any CPU = Debug|Any CPU
		Release|Any CPU = Release|Any CPU
	EndGlobalSection
	GlobalSection(ProjectConfigurationPlatforms) = postSolution
		{0582C511-DF54-4B2B-8C14-501243DC8051}.Debug|Any CPU.ActiveCfg = Debug|Any CPU
		{0582C511-DF54-4B2B-8C14-501243DC8051}.Debug|Any CPU.Build.0 = Debug|Any CPU
		{0582C511-DF54-4B2B-8C14-501243DC8051}.Release|Any CPU.ActiveCfg = Release|Any CPU
		{0582C511-DF54-4B2B-8C14-501243DC8051}.Release|Any CPU.Build.0 = Release|Any CPU
		{EF2EE15C-89D1-44C3-B7AF-0B20C60D363D}.Debug|Any CPU.ActiveCfg = Debug|Any CPU
		{EF2EE15C-89D1-44C3-B7AF-0B20C60D363D}.Debug|Any CPU.Build.0 = Debug|Any CPU
		{EF2EE15C-89D1-44C3-B7AF-0B20C60D363D}.Release|Any CPU.ActiveCfg = Release|Any CPU
		{EF2EE15C-89D1-44C3-B7AF-0B20C60D363D}.Release|Any CPU.Build.0 = Release|Any CPU
	EndGlobalSection
	GlobalSection(SolutionProperties) = preSolution
		HideSolutionNode = FALSE
	EndGlobalSection
	GlobalSection(ExtensibilityGlobals) = postSolution
		SolutionGuid = {181AA01E-BB99-44BB-878F-F0F0AA50C517}
	EndGlobalSection
EndGlobal
